// !$*UTF8*$!
{
	archiveVersion = 1;
	classes = {
	};
	objectVersion = 50;
	objects = {

/* Begin PBXBuildFile section */
		A35971FF25705A0700F3769D /* NetworkManager.swift in Sources */ = {isa = PBXBuildFile; fileRef = A35971FE25705A0700F3769D /* NetworkManager.swift */; };
		A359720425706D2200F3769D /* GFError.swift in Sources */ = {isa = PBXBuildFile; fileRef = A359720325706D2200F3769D /* GFError.swift */; };
		A359720A25714FCF00F3769D /* FollowerCell.swift in Sources */ = {isa = PBXBuildFile; fileRef = A359720925714FCF00F3769D /* FollowerCell.swift */; };
		A359720E2571504E00F3769D /* GFAvatarImageView.swift in Sources */ = {isa = PBXBuildFile; fileRef = A359720D2571504E00F3769D /* GFAvatarImageView.swift */; };
		A35972112571981100F3769D /* UIHelper.swift in Sources */ = {isa = PBXBuildFile; fileRef = A35972102571981100F3769D /* UIHelper.swift */; };
		A359721B2571D89F00F3769D /* GFEmptyStateView.swift in Sources */ = {isa = PBXBuildFile; fileRef = A359721A2571D89F00F3769D /* GFEmptyStateView.swift */; };
		A359721F2572AC1300F3769D /* UserInfoViewController.swift in Sources */ = {isa = PBXBuildFile; fileRef = A359721E2572AC1300F3769D /* UserInfoViewController.swift */; };
		A35972222572E1CC00F3769D /* GFUserInfoHeaderViewController.swift in Sources */ = {isa = PBXBuildFile; fileRef = A35972212572E1CC00F3769D /* GFUserInfoHeaderViewController.swift */; };
		A35972252572E23600F3769D /* GFSecondaryTitleLabel.swift in Sources */ = {isa = PBXBuildFile; fileRef = A35972242572E23600F3769D /* GFSecondaryTitleLabel.swift */; };
		A35972282572EA1400F3769D /* Constants.swift in Sources */ = {isa = PBXBuildFile; fileRef = A35972272572EA1400F3769D /* Constants.swift */; };
		A359722B2572FCBB00F3769D /* GFItemInfoView.swift in Sources */ = {isa = PBXBuildFile; fileRef = A359722A2572FCBB00F3769D /* GFItemInfoView.swift */; };
		A359722E2573148F00F3769D /* GFItemInfoViewController.swift in Sources */ = {isa = PBXBuildFile; fileRef = A359722D2573148F00F3769D /* GFItemInfoViewController.swift */; };
		A3597231257318A400F3769D /* GFRepoItemViewController.swift in Sources */ = {isa = PBXBuildFile; fileRef = A3597230257318A400F3769D /* GFRepoItemViewController.swift */; };
		A359723425731AA700F3769D /* GFFollowerItemViewController.swift in Sources */ = {isa = PBXBuildFile; fileRef = A359723325731AA700F3769D /* GFFollowerItemViewController.swift */; };
		A359723B25732A3B00F3769D /* Date+Ext.swift in Sources */ = {isa = PBXBuildFile; fileRef = A359723A25732A3B00F3769D /* Date+Ext.swift */; };
		A35972442573F01B00F3769D /* PersistenceManager.swift in Sources */ = {isa = PBXBuildFile; fileRef = A35972432573F01B00F3769D /* PersistenceManager.swift */; };
		A359724725740A6D00F3769D /* FavoriteCell.swift in Sources */ = {isa = PBXBuildFile; fileRef = A359724625740A6D00F3769D /* FavoriteCell.swift */; };
		A359724A25742A3F00F3769D /* GFTabBarController.swift in Sources */ = {isa = PBXBuildFile; fileRef = A359724925742A3F00F3769D /* GFTabBarController.swift */; };
		A35972502574502100F3769D /* GFDataLoadingViewController.swift in Sources */ = {isa = PBXBuildFile; fileRef = A359724F2574502100F3769D /* GFDataLoadingViewController.swift */; };
		A3597254257473F500F3769D /* UIView+Ext.swift in Sources */ = {isa = PBXBuildFile; fileRef = A3597253257473F500F3769D /* UIView+Ext.swift */; };
		A35A4011256E9A250010955D /* AppDelegate.swift in Sources */ = {isa = PBXBuildFile; fileRef = A35A4010256E9A250010955D /* AppDelegate.swift */; };
		A35A4013256E9A250010955D /* SceneDelegate.swift in Sources */ = {isa = PBXBuildFile; fileRef = A35A4012256E9A250010955D /* SceneDelegate.swift */; };
		A35A401A256E9A260010955D /* Assets.xcassets in Resources */ = {isa = PBXBuildFile; fileRef = A35A4019256E9A260010955D /* Assets.xcassets */; };
		A35A401D256E9A260010955D /* LaunchScreen.storyboard in Resources */ = {isa = PBXBuildFile; fileRef = A35A401B256E9A260010955D /* LaunchScreen.storyboard */; };
		A35A4029256EA8810010955D /* SearchViewController.swift in Sources */ = {isa = PBXBuildFile; fileRef = A35A4028256EA8810010955D /* SearchViewController.swift */; };
		A35A402C256EA8AE0010955D /* FavoritesListViewController.swift in Sources */ = {isa = PBXBuildFile; fileRef = A35A402B256EA8AE0010955D /* FavoritesListViewController.swift */; };
		A35A4030256EC11A0010955D /* GFButton.swift in Sources */ = {isa = PBXBuildFile; fileRef = A35A402F256EC11A0010955D /* GFButton.swift */; };
		A35A4033256EC3CC0010955D /* GFTextField.swift in Sources */ = {isa = PBXBuildFile; fileRef = A35A4032256EC3CC0010955D /* GFTextField.swift */; };
		A35A4036256EE8100010955D /* FollowersListViewController.swift in Sources */ = {isa = PBXBuildFile; fileRef = A35A4035256EE8100010955D /* FollowersListViewController.swift */; };
		A35A4039256F02140010955D /* GFTitleLabel.swift in Sources */ = {isa = PBXBuildFile; fileRef = A35A4038256F02140010955D /* GFTitleLabel.swift */; };
		A35A403D256F115B0010955D /* GFBodyLabel.swift in Sources */ = {isa = PBXBuildFile; fileRef = A35A403C256F115B0010955D /* GFBodyLabel.swift */; };
		A35A4040256F134B0010955D /* GFAlertViewController.swift in Sources */ = {isa = PBXBuildFile; fileRef = A35A403F256F134B0010955D /* GFAlertViewController.swift */; };
		A35A4043256F191E0010955D /* UIViewController+Ext.swift in Sources */ = {isa = PBXBuildFile; fileRef = A35A4042256F191E0010955D /* UIViewController+Ext.swift */; };
		A35A4046256F1C090010955D /* GFAlertContainerView.swift in Sources */ = {isa = PBXBuildFile; fileRef = A35A4045256F1C090010955D /* GFAlertContainerView.swift */; };
		A3F3DF4D25703C3700B1F8A4 /* Follower.swift in Sources */ = {isa = PBXBuildFile; fileRef = A3F3DF4C25703C3700B1F8A4 /* Follower.swift */; };
		A3F3DF5125703F6B00B1F8A4 /* User.swift in Sources */ = {isa = PBXBuildFile; fileRef = A3F3DF5025703F6B00B1F8A4 /* User.swift */; };
/* End PBXBuildFile section */

/* Begin PBXFileReference section */
		A35971FE25705A0700F3769D /* NetworkManager.swift */ = {isa = PBXFileReference; lastKnownFileType = sourcecode.swift; path = NetworkManager.swift; sourceTree = "<group>"; };
		A359720325706D2200F3769D /* GFError.swift */ = {isa = PBXFileReference; lastKnownFileType = sourcecode.swift; path = GFError.swift; sourceTree = "<group>"; };
		A359720925714FCF00F3769D /* FollowerCell.swift */ = {isa = PBXFileReference; lastKnownFileType = sourcecode.swift; path = FollowerCell.swift; sourceTree = "<group>"; };
		A359720D2571504E00F3769D /* GFAvatarImageView.swift */ = {isa = PBXFileReference; lastKnownFileType = sourcecode.swift; path = GFAvatarImageView.swift; sourceTree = "<group>"; };
		A35972102571981100F3769D /* UIHelper.swift */ = {isa = PBXFileReference; lastKnownFileType = sourcecode.swift; path = UIHelper.swift; sourceTree = "<group>"; };
		A359721A2571D89F00F3769D /* GFEmptyStateView.swift */ = {isa = PBXFileReference; lastKnownFileType = sourcecode.swift; path = GFEmptyStateView.swift; sourceTree = "<group>"; };
		A359721E2572AC1300F3769D /* UserInfoViewController.swift */ = {isa = PBXFileReference; lastKnownFileType = sourcecode.swift; path = UserInfoViewController.swift; sourceTree = "<group>"; };
		A35972212572E1CC00F3769D /* GFUserInfoHeaderViewController.swift */ = {isa = PBXFileReference; lastKnownFileType = sourcecode.swift; path = GFUserInfoHeaderViewController.swift; sourceTree = "<group>"; };
		A35972242572E23600F3769D /* GFSecondaryTitleLabel.swift */ = {isa = PBXFileReference; lastKnownFileType = sourcecode.swift; path = GFSecondaryTitleLabel.swift; sourceTree = "<group>"; };
		A35972272572EA1400F3769D /* Constants.swift */ = {isa = PBXFileReference; lastKnownFileType = sourcecode.swift; path = Constants.swift; sourceTree = "<group>"; };
		A359722A2572FCBB00F3769D /* GFItemInfoView.swift */ = {isa = PBXFileReference; lastKnownFileType = sourcecode.swift; path = GFItemInfoView.swift; sourceTree = "<group>"; };
		A359722D2573148F00F3769D /* GFItemInfoViewController.swift */ = {isa = PBXFileReference; lastKnownFileType = sourcecode.swift; path = GFItemInfoViewController.swift; sourceTree = "<group>"; };
		A3597230257318A400F3769D /* GFRepoItemViewController.swift */ = {isa = PBXFileReference; lastKnownFileType = sourcecode.swift; path = GFRepoItemViewController.swift; sourceTree = "<group>"; };
		A359723325731AA700F3769D /* GFFollowerItemViewController.swift */ = {isa = PBXFileReference; lastKnownFileType = sourcecode.swift; path = GFFollowerItemViewController.swift; sourceTree = "<group>"; };
		A359723A25732A3B00F3769D /* Date+Ext.swift */ = {isa = PBXFileReference; lastKnownFileType = sourcecode.swift; path = "Date+Ext.swift"; sourceTree = "<group>"; };
		A35972432573F01B00F3769D /* PersistenceManager.swift */ = {isa = PBXFileReference; lastKnownFileType = sourcecode.swift; path = PersistenceManager.swift; sourceTree = "<group>"; };
		A359724625740A6D00F3769D /* FavoriteCell.swift */ = {isa = PBXFileReference; lastKnownFileType = sourcecode.swift; path = FavoriteCell.swift; sourceTree = "<group>"; };
		A359724925742A3F00F3769D /* GFTabBarController.swift */ = {isa = PBXFileReference; lastKnownFileType = sourcecode.swift; path = GFTabBarController.swift; sourceTree = "<group>"; };
		A359724F2574502100F3769D /* GFDataLoadingViewController.swift */ = {isa = PBXFileReference; lastKnownFileType = sourcecode.swift; path = GFDataLoadingViewController.swift; sourceTree = "<group>"; };
		A3597253257473F500F3769D /* UIView+Ext.swift */ = {isa = PBXFileReference; lastKnownFileType = sourcecode.swift; path = "UIView+Ext.swift"; sourceTree = "<group>"; };
		A35A400D256E9A250010955D /* GHFollowers.app */ = {isa = PBXFileReference; explicitFileType = wrapper.application; includeInIndex = 0; path = GHFollowers.app; sourceTree = BUILT_PRODUCTS_DIR; };
		A35A4010256E9A250010955D /* AppDelegate.swift */ = {isa = PBXFileReference; lastKnownFileType = sourcecode.swift; path = AppDelegate.swift; sourceTree = "<group>"; };
		A35A4012256E9A250010955D /* SceneDelegate.swift */ = {isa = PBXFileReference; lastKnownFileType = sourcecode.swift; path = SceneDelegate.swift; sourceTree = "<group>"; };
		A35A4019256E9A260010955D /* Assets.xcassets */ = {isa = PBXFileReference; lastKnownFileType = folder.assetcatalog; path = Assets.xcassets; sourceTree = "<group>"; };
		A35A401C256E9A260010955D /* Base */ = {isa = PBXFileReference; lastKnownFileType = file.storyboard; name = Base; path = Base.lproj/LaunchScreen.storyboard; sourceTree = "<group>"; };
		A35A401E256E9A260010955D /* Info.plist */ = {isa = PBXFileReference; lastKnownFileType = text.plist.xml; path = Info.plist; sourceTree = "<group>"; };
		A35A4028256EA8810010955D /* SearchViewController.swift */ = {isa = PBXFileReference; lastKnownFileType = sourcecode.swift; path = SearchViewController.swift; sourceTree = "<group>"; };
		A35A402B256EA8AE0010955D /* FavoritesListViewController.swift */ = {isa = PBXFileReference; lastKnownFileType = sourcecode.swift; path = FavoritesListViewController.swift; sourceTree = "<group>"; };
		A35A402F256EC11A0010955D /* GFButton.swift */ = {isa = PBXFileReference; lastKnownFileType = sourcecode.swift; path = GFButton.swift; sourceTree = "<group>"; };
		A35A4032256EC3CC0010955D /* GFTextField.swift */ = {isa = PBXFileReference; lastKnownFileType = sourcecode.swift; path = GFTextField.swift; sourceTree = "<group>"; };
		A35A4035256EE8100010955D /* FollowersListViewController.swift */ = {isa = PBXFileReference; lastKnownFileType = sourcecode.swift; path = FollowersListViewController.swift; sourceTree = "<group>"; };
		A35A4038256F02140010955D /* GFTitleLabel.swift */ = {isa = PBXFileReference; lastKnownFileType = sourcecode.swift; path = GFTitleLabel.swift; sourceTree = "<group>"; };
		A35A403C256F115B0010955D /* GFBodyLabel.swift */ = {isa = PBXFileReference; lastKnownFileType = sourcecode.swift; path = GFBodyLabel.swift; sourceTree = "<group>"; };
		A35A403F256F134B0010955D /* GFAlertViewController.swift */ = {isa = PBXFileReference; lastKnownFileType = sourcecode.swift; path = GFAlertViewController.swift; sourceTree = "<group>"; };
		A35A4042256F191E0010955D /* UIViewController+Ext.swift */ = {isa = PBXFileReference; lastKnownFileType = sourcecode.swift; path = "UIViewController+Ext.swift"; sourceTree = "<group>"; };
		A35A4045256F1C090010955D /* GFAlertContainerView.swift */ = {isa = PBXFileReference; lastKnownFileType = sourcecode.swift; path = GFAlertContainerView.swift; sourceTree = "<group>"; };
		A3F3DF4C25703C3700B1F8A4 /* Follower.swift */ = {isa = PBXFileReference; lastKnownFileType = sourcecode.swift; path = Follower.swift; sourceTree = "<group>"; };
		A3F3DF5025703F6B00B1F8A4 /* User.swift */ = {isa = PBXFileReference; lastKnownFileType = sourcecode.swift; path = User.swift; sourceTree = "<group>"; };
/* End PBXFileReference section */

/* Begin PBXFrameworksBuildPhase section */
		A35A400A256E9A250010955D /* Frameworks */ = {
			isa = PBXFrameworksBuildPhase;
			buildActionMask = 2147483647;
			files = (
			);
			runOnlyForDeploymentPostprocessing = 0;
		};
/* End PBXFrameworksBuildPhase section */

/* Begin PBXGroup section */
		A35971FD2570599300F3769D /* Network Manager */ = {
			isa = PBXGroup;
			children = (
				A35971FE25705A0700F3769D /* NetworkManager.swift */,
			);
			path = "Network Manager";
			sourceTree = "<group>";
		};
		A359720225706D1000F3769D /* Utilities */ = {
			isa = PBXGroup;
			children = (
				A359720325706D2200F3769D /* GFError.swift */,
				A35972102571981100F3769D /* UIHelper.swift */,
				A35972272572EA1400F3769D /* Constants.swift */,
			);
			path = Utilities;
			sourceTree = "<group>";
		};
		A359720825714FAD00F3769D /* Cells */ = {
			isa = PBXGroup;
			children = (
				A359720925714FCF00F3769D /* FollowerCell.swift */,
				A359724625740A6D00F3769D /* FavoriteCell.swift */,
			);
			path = Cells;
			sourceTree = "<group>";
		};
		A35972132571D6DB00F3769D /* Views */ = {
			isa = PBXGroup;
			children = (
				A35A4045256F1C090010955D /* GFAlertContainerView.swift */,
				A359721A2571D89F00F3769D /* GFEmptyStateView.swift */,
				A359722A2572FCBB00F3769D /* GFItemInfoView.swift */,
			);
			path = Views;
			sourceTree = "<group>";
		};
		A35972142571D6E500F3769D /* Buttons */ = {
			isa = PBXGroup;
			children = (
				A35A402F256EC11A0010955D /* GFButton.swift */,
			);
			path = Buttons;
			sourceTree = "<group>";
		};
		A35972152571D6EA00F3769D /* TextFields */ = {
			isa = PBXGroup;
			children = (
				A35A4032256EC3CC0010955D /* GFTextField.swift */,
			);
			path = TextFields;
			sourceTree = "<group>";
		};
		A35972162571D6F700F3769D /* ImageViews */ = {
			isa = PBXGroup;
			children = (
				A359720D2571504E00F3769D /* GFAvatarImageView.swift */,
			);
			path = ImageViews;
			sourceTree = "<group>";
		};
		A35972172571D6FC00F3769D /* ViewControllers */ = {
			isa = PBXGroup;
			children = (
				A359723625731B2C00F3769D /* ItemInfoViewControllers */,
				A35A403F256F134B0010955D /* GFAlertViewController.swift */,
				A35972212572E1CC00F3769D /* GFUserInfoHeaderViewController.swift */,
				A359724F2574502100F3769D /* GFDataLoadingViewController.swift */,
			);
			path = ViewControllers;
			sourceTree = "<group>";
		};
		A35972182571D72600F3769D /* Labels */ = {
			isa = PBXGroup;
			children = (
				A35A4038256F02140010955D /* GFTitleLabel.swift */,
				A35A403C256F115B0010955D /* GFBodyLabel.swift */,
				A35972242572E23600F3769D /* GFSecondaryTitleLabel.swift */,
			);
			path = Labels;
			sourceTree = "<group>";
		};
		A359723625731B2C00F3769D /* ItemInfoViewControllers */ = {
			isa = PBXGroup;
			children = (
				A359722D2573148F00F3769D /* GFItemInfoViewController.swift */,
				A3597230257318A400F3769D /* GFRepoItemViewController.swift */,
				A359723325731AA700F3769D /* GFFollowerItemViewController.swift */,
			);
			path = ItemInfoViewControllers;
			sourceTree = "<group>";
		};
		A35972402573EFEF00F3769D /* Managers */ = {
			isa = PBXGroup;
			children = (
				A35972422573F00800F3769D /* Local */,
				A35971FD2570599300F3769D /* Network Manager */,
			);
			path = Managers;
			sourceTree = "<group>";
		};
		A35972422573F00800F3769D /* Local */ = {
			isa = PBXGroup;
			children = (
				A35972432573F01B00F3769D /* PersistenceManager.swift */,
			);
			path = Local;
			sourceTree = "<group>";
		};
		A359724C25742B5900F3769D /* TabBarController */ = {
			isa = PBXGroup;
			children = (
				A359724925742A3F00F3769D /* GFTabBarController.swift */,
			);
			path = TabBarController;
			sourceTree = "<group>";
		};
		A35A4004256E9A250010955D = {
			isa = PBXGroup;
			children = (
				A35A400F256E9A250010955D /* GHFollowers */,
				A35A400E256E9A250010955D /* Products */,
			);
			sourceTree = "<group>";
		};
		A35A400E256E9A250010955D /* Products */ = {
			isa = PBXGroup;
			children = (
				A35A400D256E9A250010955D /* GHFollowers.app */,
			);
			name = Products;
			sourceTree = "<group>";
		};
		A35A400F256E9A250010955D /* GHFollowers */ = {
			isa = PBXGroup;
			children = (
				A35972402573EFEF00F3769D /* Managers */,
				A359720225706D1000F3769D /* Utilities */,
				A3F3DF4B25703C2C00B1F8A4 /* Model */,
				A35A404B256F1E680010955D /* Support */,
				A35A404A256F1DF10010955D /* Extensions */,
				A35A4049256F1DC10010955D /* Custom Views */,
				A35A4048256F1D890010955D /* Screens */,
				A35A401E256E9A260010955D /* Info.plist */,
			);
			path = GHFollowers;
			sourceTree = "<group>";
		};
		A35A4048256F1D890010955D /* Screens */ = {
			isa = PBXGroup;
			children = (
				A35A4028256EA8810010955D /* SearchViewController.swift */,
				A35A402B256EA8AE0010955D /* FavoritesListViewController.swift */,
				A35A4035256EE8100010955D /* FollowersListViewController.swift */,
				A359721E2572AC1300F3769D /* UserInfoViewController.swift */,
			);
			path = Screens;
			sourceTree = "<group>";
		};
		A35A4049256F1DC10010955D /* Custom Views */ = {
			isa = PBXGroup;
			children = (
				A359724C25742B5900F3769D /* TabBarController */,
				A35972182571D72600F3769D /* Labels */,
				A35972172571D6FC00F3769D /* ViewControllers */,
				A35972162571D6F700F3769D /* ImageViews */,
				A35972152571D6EA00F3769D /* TextFields */,
				A35972142571D6E500F3769D /* Buttons */,
				A35972132571D6DB00F3769D /* Views */,
				A359720825714FAD00F3769D /* Cells */,
			);
			path = "Custom Views";
			sourceTree = "<group>";
		};
		A35A404A256F1DF10010955D /* Extensions */ = {
			isa = PBXGroup;
			children = (
				A35A4042256F191E0010955D /* UIViewController+Ext.swift */,
				A359723A25732A3B00F3769D /* Date+Ext.swift */,
				A3597253257473F500F3769D /* UIView+Ext.swift */,
			);
			path = Extensions;
			sourceTree = "<group>";
		};
		A35A404B256F1E680010955D /* Support */ = {
			isa = PBXGroup;
			children = (
				A35A4010256E9A250010955D /* AppDelegate.swift */,
				A35A4012256E9A250010955D /* SceneDelegate.swift */,
				A35A4019256E9A260010955D /* Assets.xcassets */,
				A35A401B256E9A260010955D /* LaunchScreen.storyboard */,
			);
			path = Support;
			sourceTree = "<group>";
		};
		A3F3DF4B25703C2C00B1F8A4 /* Model */ = {
			isa = PBXGroup;
			children = (
				A3F3DF4C25703C3700B1F8A4 /* Follower.swift */,
				A3F3DF5025703F6B00B1F8A4 /* User.swift */,
			);
			path = Model;
			sourceTree = "<group>";
		};
/* End PBXGroup section */

/* Begin PBXNativeTarget section */
		A35A400C256E9A250010955D /* GHFollowers */ = {
			isa = PBXNativeTarget;
			buildConfigurationList = A35A4021256E9A260010955D /* Build configuration list for PBXNativeTarget "GHFollowers" */;
			buildPhases = (
				A35A4009256E9A250010955D /* Sources */,
				A35A400A256E9A250010955D /* Frameworks */,
				A35A400B256E9A250010955D /* Resources */,
			);
			buildRules = (
			);
			dependencies = (
			);
			name = GHFollowers;
			productName = GHFollowers;
			productReference = A35A400D256E9A250010955D /* GHFollowers.app */;
			productType = "com.apple.product-type.application";
		};
/* End PBXNativeTarget section */

/* Begin PBXProject section */
		A35A4005256E9A250010955D /* Project object */ = {
			isa = PBXProject;
			attributes = {
				LastSwiftUpdateCheck = 1200;
				LastUpgradeCheck = 1200;
				TargetAttributes = {
					A35A400C256E9A250010955D = {
						CreatedOnToolsVersion = 12.0.1;
					};
				};
			};
			buildConfigurationList = A35A4008256E9A250010955D /* Build configuration list for PBXProject "GHFollowers" */;
			compatibilityVersion = "Xcode 9.3";
			developmentRegion = en;
			hasScannedForEncodings = 0;
			knownRegions = (
				en,
				Base,
			);
			mainGroup = A35A4004256E9A250010955D;
			productRefGroup = A35A400E256E9A250010955D /* Products */;
			projectDirPath = "";
			projectRoot = "";
			targets = (
				A35A400C256E9A250010955D /* GHFollowers */,
			);
		};
/* End PBXProject section */

/* Begin PBXResourcesBuildPhase section */
		A35A400B256E9A250010955D /* Resources */ = {
			isa = PBXResourcesBuildPhase;
			buildActionMask = 2147483647;
			files = (
				A35A401D256E9A260010955D /* LaunchScreen.storyboard in Resources */,
				A35A401A256E9A260010955D /* Assets.xcassets in Resources */,
			);
			runOnlyForDeploymentPostprocessing = 0;
		};
/* End PBXResourcesBuildPhase section */

/* Begin PBXSourcesBuildPhase section */
		A35A4009256E9A250010955D /* Sources */ = {
			isa = PBXSourcesBuildPhase;
			buildActionMask = 2147483647;
			files = (
				A3597254257473F500F3769D /* UIView+Ext.swift in Sources */,
				A35A4046256F1C090010955D /* GFAlertContainerView.swift in Sources */,
				A359721F2572AC1300F3769D /* UserInfoViewController.swift in Sources */,
				A359723425731AA700F3769D /* GFFollowerItemViewController.swift in Sources */,
				A35A4040256F134B0010955D /* GFAlertViewController.swift in Sources */,
				A35A4033256EC3CC0010955D /* GFTextField.swift in Sources */,
				A35A4029256EA8810010955D /* SearchViewController.swift in Sources */,
				A35A4043256F191E0010955D /* UIViewController+Ext.swift in Sources */,
				A359721B2571D89F00F3769D /* GFEmptyStateView.swift in Sources */,
				A35972252572E23600F3769D /* GFSecondaryTitleLabel.swift in Sources */,
				A35A4030256EC11A0010955D /* GFButton.swift in Sources */,
				A35972502574502100F3769D /* GFDataLoadingViewController.swift in Sources */,
				A3F3DF5125703F6B00B1F8A4 /* User.swift in Sources */,
				A359720A25714FCF00F3769D /* FollowerCell.swift in Sources */,
				A35972442573F01B00F3769D /* PersistenceManager.swift in Sources */,
				A359724725740A6D00F3769D /* FavoriteCell.swift in Sources */,
				A359720E2571504E00F3769D /* GFAvatarImageView.swift in Sources */,
				A35A4036256EE8100010955D /* FollowersListViewController.swift in Sources */,
				A3F3DF4D25703C3700B1F8A4 /* Follower.swift in Sources */,
				A35A403D256F115B0010955D /* GFBodyLabel.swift in Sources */,
				A35A4039256F02140010955D /* GFTitleLabel.swift in Sources */,
				A3597231257318A400F3769D /* GFRepoItemViewController.swift in Sources */,
				A35A4011256E9A250010955D /* AppDelegate.swift in Sources */,
				A359720425706D2200F3769D /* GFError.swift in Sources */,
				A35972112571981100F3769D /* UIHelper.swift in Sources */,
				A35971FF25705A0700F3769D /* NetworkManager.swift in Sources */,
				A359722E2573148F00F3769D /* GFItemInfoViewController.swift in Sources */,
				A359723B25732A3B00F3769D /* Date+Ext.swift in Sources */,
				A35A402C256EA8AE0010955D /* FavoritesListViewController.swift in Sources */,
				A35A4013256E9A250010955D /* SceneDelegate.swift in Sources */,
				A359722B2572FCBB00F3769D /* GFItemInfoView.swift in Sources */,
				A35972222572E1CC00F3769D /* GFUserInfoHeaderViewController.swift in Sources */,
				A35972282572EA1400F3769D /* Constants.swift in Sources */,
				A359724A25742A3F00F3769D /* GFTabBarController.swift in Sources */,
			);
			runOnlyForDeploymentPostprocessing = 0;
		};
/* End PBXSourcesBuildPhase section */

/* Begin PBXVariantGroup section */
		A35A401B256E9A260010955D /* LaunchScreen.storyboard */ = {
			isa = PBXVariantGroup;
			children = (
				A35A401C256E9A260010955D /* Base */,
			);
			name = LaunchScreen.storyboard;
			sourceTree = "<group>";
		};
/* End PBXVariantGroup section */

/* Begin XCBuildConfiguration section */
		A35A401F256E9A260010955D /* Debug */ = {
			isa = XCBuildConfiguration;
			buildSettings = {
				ALWAYS_SEARCH_USER_PATHS = NO;
				CLANG_ANALYZER_NONNULL = YES;
				CLANG_ANALYZER_NUMBER_OBJECT_CONVERSION = YES_AGGRESSIVE;
				CLANG_CXX_LANGUAGE_STANDARD = "gnu++14";
				CLANG_CXX_LIBRARY = "libc++";
				CLANG_ENABLE_MODULES = YES;
				CLANG_ENABLE_OBJC_ARC = YES;
				CLANG_ENABLE_OBJC_WEAK = YES;
				CLANG_WARN_BLOCK_CAPTURE_AUTORELEASING = YES;
				CLANG_WARN_BOOL_CONVERSION = YES;
				CLANG_WARN_COMMA = YES;
				CLANG_WARN_CONSTANT_CONVERSION = YES;
				CLANG_WARN_DEPRECATED_OBJC_IMPLEMENTATIONS = YES;
				CLANG_WARN_DIRECT_OBJC_ISA_USAGE = YES_ERROR;
				CLANG_WARN_DOCUMENTATION_COMMENTS = YES;
				CLANG_WARN_EMPTY_BODY = YES;
				CLANG_WARN_ENUM_CONVERSION = YES;
				CLANG_WARN_INFINITE_RECURSION = YES;
				CLANG_WARN_INT_CONVERSION = YES;
				CLANG_WARN_NON_LITERAL_NULL_CONVERSION = YES;
				CLANG_WARN_OBJC_IMPLICIT_RETAIN_SELF = YES;
				CLANG_WARN_OBJC_LITERAL_CONVERSION = YES;
				CLANG_WARN_OBJC_ROOT_CLASS = YES_ERROR;
				CLANG_WARN_QUOTED_INCLUDE_IN_FRAMEWORK_HEADER = YES;
				CLANG_WARN_RANGE_LOOP_ANALYSIS = YES;
				CLANG_WARN_STRICT_PROTOTYPES = YES;
				CLANG_WARN_SUSPICIOUS_MOVE = YES;
				CLANG_WARN_UNGUARDED_AVAILABILITY = YES_AGGRESSIVE;
				CLANG_WARN_UNREACHABLE_CODE = YES;
				CLANG_WARN__DUPLICATE_METHOD_MATCH = YES;
				COPY_PHASE_STRIP = NO;
				DEBUG_INFORMATION_FORMAT = dwarf;
				ENABLE_STRICT_OBJC_MSGSEND = YES;
				ENABLE_TESTABILITY = YES;
				GCC_C_LANGUAGE_STANDARD = gnu11;
				GCC_DYNAMIC_NO_PIC = NO;
				GCC_NO_COMMON_BLOCKS = YES;
				GCC_OPTIMIZATION_LEVEL = 0;
				GCC_PREPROCESSOR_DEFINITIONS = (
					"DEBUG=1",
					"$(inherited)",
				);
				GCC_WARN_64_TO_32_BIT_CONVERSION = YES;
				GCC_WARN_ABOUT_RETURN_TYPE = YES_ERROR;
				GCC_WARN_UNDECLARED_SELECTOR = YES;
				GCC_WARN_UNINITIALIZED_AUTOS = YES_AGGRESSIVE;
				GCC_WARN_UNUSED_FUNCTION = YES;
				GCC_WARN_UNUSED_VARIABLE = YES;
				IPHONEOS_DEPLOYMENT_TARGET = 14.0;
				MTL_ENABLE_DEBUG_INFO = INCLUDE_SOURCE;
				MTL_FAST_MATH = YES;
				ONLY_ACTIVE_ARCH = YES;
				SDKROOT = iphoneos;
				SWIFT_ACTIVE_COMPILATION_CONDITIONS = DEBUG;
				SWIFT_OPTIMIZATION_LEVEL = "-Onone";
			};
			name = Debug;
		};
		A35A4020256E9A260010955D /* Release */ = {
			isa = XCBuildConfiguration;
			buildSettings = {
				ALWAYS_SEARCH_USER_PATHS = NO;
				CLANG_ANALYZER_NONNULL = YES;
				CLANG_ANALYZER_NUMBER_OBJECT_CONVERSION = YES_AGGRESSIVE;
				CLANG_CXX_LANGUAGE_STANDARD = "gnu++14";
				CLANG_CXX_LIBRARY = "libc++";
				CLANG_ENABLE_MODULES = YES;
				CLANG_ENABLE_OBJC_ARC = YES;
				CLANG_ENABLE_OBJC_WEAK = YES;
				CLANG_WARN_BLOCK_CAPTURE_AUTORELEASING = YES;
				CLANG_WARN_BOOL_CONVERSION = YES;
				CLANG_WARN_COMMA = YES;
				CLANG_WARN_CONSTANT_CONVERSION = YES;
				CLANG_WARN_DEPRECATED_OBJC_IMPLEMENTATIONS = YES;
				CLANG_WARN_DIRECT_OBJC_ISA_USAGE = YES_ERROR;
				CLANG_WARN_DOCUMENTATION_COMMENTS = YES;
				CLANG_WARN_EMPTY_BODY = YES;
				CLANG_WARN_ENUM_CONVERSION = YES;
				CLANG_WARN_INFINITE_RECURSION = YES;
				CLANG_WARN_INT_CONVERSION = YES;
				CLANG_WARN_NON_LITERAL_NULL_CONVERSION = YES;
				CLANG_WARN_OBJC_IMPLICIT_RETAIN_SELF = YES;
				CLANG_WARN_OBJC_LITERAL_CONVERSION = YES;
				CLANG_WARN_OBJC_ROOT_CLASS = YES_ERROR;
				CLANG_WARN_QUOTED_INCLUDE_IN_FRAMEWORK_HEADER = YES;
				CLANG_WARN_RANGE_LOOP_ANALYSIS = YES;
				CLANG_WARN_STRICT_PROTOTYPES = YES;
				CLANG_WARN_SUSPICIOUS_MOVE = YES;
				CLANG_WARN_UNGUARDED_AVAILABILITY = YES_AGGRESSIVE;
				CLANG_WARN_UNREACHABLE_CODE = YES;
				CLANG_WARN__DUPLICATE_METHOD_MATCH = YES;
				COPY_PHASE_STRIP = NO;
				DEBUG_INFORMATION_FORMAT = "dwarf-with-dsym";
				ENABLE_NS_ASSERTIONS = NO;
				ENABLE_STRICT_OBJC_MSGSEND = YES;
				GCC_C_LANGUAGE_STANDARD = gnu11;
				GCC_NO_COMMON_BLOCKS = YES;
				GCC_WARN_64_TO_32_BIT_CONVERSION = YES;
				GCC_WARN_ABOUT_RETURN_TYPE = YES_ERROR;
				GCC_WARN_UNDECLARED_SELECTOR = YES;
				GCC_WARN_UNINITIALIZED_AUTOS = YES_AGGRESSIVE;
				GCC_WARN_UNUSED_FUNCTION = YES;
				GCC_WARN_UNUSED_VARIABLE = YES;
				IPHONEOS_DEPLOYMENT_TARGET = 14.0;
				MTL_ENABLE_DEBUG_INFO = NO;
				MTL_FAST_MATH = YES;
				SDKROOT = iphoneos;
				SWIFT_COMPILATION_MODE = wholemodule;
				SWIFT_OPTIMIZATION_LEVEL = "-O";
				VALIDATE_PRODUCT = YES;
			};
			name = Release;
		};
		A35A4022256E9A260010955D /* Debug */ = {
			isa = XCBuildConfiguration;
			buildSettings = {
				ASSETCATALOG_COMPILER_APPICON_NAME = AppIcon;
				ASSETCATALOG_COMPILER_GLOBAL_ACCENT_COLOR_NAME = AccentColor;
				CODE_SIGN_STYLE = Automatic;
				DEVELOPMENT_TEAM = TD4Q99PXA9;
				INFOPLIST_FILE = GHFollowers/Info.plist;
				IPHONEOS_DEPLOYMENT_TARGET = 13.2;
				LD_RUNPATH_SEARCH_PATHS = (
					"$(inherited)",
					"@executable_path/Frameworks",
				);
				PRODUCT_BUNDLE_IDENTIFIER = com.risingdevhabits.GHFollowers;
				PRODUCT_NAME = "$(TARGET_NAME)";
				SWIFT_VERSION = 5.0;
				TARGETED_DEVICE_FAMILY = 1;
			};
			name = Debug;
		};
		A35A4023256E9A260010955D /* Release */ = {
			isa = XCBuildConfiguration;
			buildSettings = {
				ASSETCATALOG_COMPILER_APPICON_NAME = AppIcon;
				ASSETCATALOG_COMPILER_GLOBAL_ACCENT_COLOR_NAME = AccentColor;
				CODE_SIGN_STYLE = Automatic;
				DEVELOPMENT_TEAM = TD4Q99PXA9;
				INFOPLIST_FILE = GHFollowers/Info.plist;
				IPHONEOS_DEPLOYMENT_TARGET = 13.2;
				LD_RUNPATH_SEARCH_PATHS = (
					"$(inherited)",
					"@executable_path/Frameworks",
				);
				PRODUCT_BUNDLE_IDENTIFIER = com.risingdevhabits.GHFollowers;
				PRODUCT_NAME = "$(TARGET_NAME)";
				SWIFT_VERSION = 5.0;
				TARGETED_DEVICE_FAMILY = 1;
			};
			name = Release;
		};
/* End XCBuildConfiguration section */

/* Begin XCConfigurationList section */
		A35A4008256E9A250010955D /* Build configuration list for PBXProject "GHFollowers" */ = {
			isa = XCConfigurationList;
			buildConfigurations = (
				A35A401F256E9A260010955D /* Debug */,
				A35A4020256E9A260010955D /* Release */,
			);
			defaultConfigurationIsVisible = 0;
			defaultConfigurationName = Release;
		};
		A35A4021256E9A260010955D /* Build configuration list for PBXNativeTarget "GHFollowers" */ = {
			isa = XCConfigurationList;
			buildConfigurations = (
				A35A4022256E9A260010955D /* Debug */,
				A35A4023256E9A260010955D /* Release */,
			);
			defaultConfigurationIsVisible = 0;
			defaultConfigurationName = Release;
		};
/* End XCConfigurationList section */
	};
	rootObject = A35A4005256E9A250010955D /* Project object */;
}
